
Microsoft Visual Studio Solution File, Format Version 12.00
# Visual Studio 15
VisualStudioVersion = 15.0.27428.2037
MinimumVisualStudioVersion = 10.0.40219.1
Project("{FAE04EC0-301F-11D3-BF4B-00C04F79EFBC}") = "MyHangManWorld", "MyHangManWorld\MyHangManWorld.csproj", "{720BF8C9-29DF-4E71-B83B-9B979F3A132A}"
EndProject
Global
	GlobalSection(SolutionConfigurationPlatforms) = preSolution
		Debug|Any CPU = Debug|Any CPU
		Release|Any CPU = Release|Any CPU
	EndGlobalSection
	GlobalSection(ProjectConfigurationPlatforms) = postSolution
		{720BF8C9-29DF-4E71-B83B-9B979F3A132A}.Debug|Any CPU.ActiveCfg = Debug|Any CPU
		{720BF8C9-29DF-4E71-B83B-9B979F3A132A}.Debug|Any CPU.Build.0 = Debug|Any CPU
		{720BF8C9-29DF-4E71-B83B-9B979F3A132A}.Release|Any CPU.ActiveCfg = Release|Any CPU
		{720BF8C9-29DF-4E71-B83B-9B979F3A132A}.Release|Any CPU.Build.0 = Release|Any CPU
	EndGlobalSection
	GlobalSection(SolutionProperties) = preSolution
		HideSolutionNode = FALSE
	EndGlobalSection
	GlobalSection(ExtensibilityGlobals) = postSolution
		SolutionGuid = {CC2099DF-F4D9-4D88-A8C9-B1648858F168}
	EndGlobalSection
EndGlobal
